
Microsoft Visual Studio Solution File, Format Version 12.00
# Visual Studio Version 17
VisualStudioVersion = 17.6.33829.357
MinimumVisualStudioVersion = 10.0.40219.1
Project("{2150E333-8FDC-42A3-9474-1A3956D46DE8}") = "1-Frontends", "1-Frontends", "{71E9AAA3-898E-4DD2-B541-89B841D22D95}"
EndProject
Project("{2150E333-8FDC-42A3-9474-1A3956D46DE8}") = "2-Backends", "2-Backends", "{E3B8A9C9-2CAF-4110-8C00-86321DDAECC4}"
EndProject
Project("{2150E333-8FDC-42A3-9474-1A3956D46DE8}") = "2.1-WebApi", "2.1-WebApi", "{F4D2BEDD-11D0-4F3F-A884-6108671F05E1}"
EndProject
Project("{2150E333-8FDC-42A3-9474-1A3956D46DE8}") = "2.2-Applications", "2.2-Applications", "{9DC328F9-F77D-4709-9B84-D0CCF942693B}"
EndProject
Project("{2150E333-8FDC-42A3-9474-1A3956D46DE8}") = "2.3-Domains", "2.3-Domains", "{DE7F301C-1F5F-40DC-A22D-DCCA91B22A7E}"
EndProject
Project("{2150E333-8FDC-42A3-9474-1A3956D46DE8}") = "2.4-Infrastructures", "2.4-Infrastructures", "{A3BFAEC5-EE71-4339-A629-210B0A17D77F}"
EndProject
Project("{2150E333-8FDC-42A3-9474-1A3956D46DE8}") = "2.4.1-Infra-Data", "2.4.1-Infra-Data", "{0383077E-7D09-4B8D-BF8C-3651E79075BD}"
EndProject
Project("{9A19103F-16F7-4668-BE54-9A1E7A4F7556}") = "Backend.Financeiro.Infra.Data", "src\Backend\Backend.Financeiro.Infra.Data\Backend.Financeiro.Infra.Data.csproj", "{B28EB735-09C9-4860-B378-E41CDE7D39F3}"
EndProject
Project("{2150E333-8FDC-42A3-9474-1A3956D46DE8}") = "2.4.2-Infra-Crosscuttings", "2.4.2-Infra-Crosscuttings", "{CEBF5598-398F-4A67-90A3-0BC7BC557F11}"
EndProject
Project("{2150E333-8FDC-42A3-9474-1A3956D46DE8}") = "1.1-Presentations", "1.1-Presentations", "{B87603BB-5705-43DB-BED1-BD725F9AEEA9}"
EndProject
Project("{9A19103F-16F7-4668-BE54-9A1E7A4F7556}") = "Backend.Financeiro.Infra.Crosscutting.Helper", "src\Backend\Backend.Financeiro.Infra.Crosscutting.Helper\Backend.Financeiro.Infra.Crosscutting.Helper.csproj", "{4299E202-1CC8-4766-963A-71F571ED271A}"
EndProject
Project("{9A19103F-16F7-4668-BE54-9A1E7A4F7556}") = "Backend.Financeiro.Domain", "src\Backend\Backend.Financeiro.Domain\Backend.Financeiro.Domain.csproj", "{2D69D724-DE0B-46A1-864B-F0F0C5ABB336}"
EndProject
Project("{9A19103F-16F7-4668-BE54-9A1E7A4F7556}") = "Backend.Financeiro.Application", "src\Backend\Backend.Financeiro.Application\Backend.Financeiro.Application.csproj", "{9D3E87F1-D2E7-4666-A2C1-576277264E09}"
EndProject
Project("{9A19103F-16F7-4668-BE54-9A1E7A4F7556}") = "Backend.Financeiro.Web.Api", "src\Backend\BackendFinanceiro.Web.Api\Backend.Financeiro.Web.Api.csproj", "{9BD9A4B6-EB50-4941-A9F1-29B8C35FE656}"
EndProject
Global
	GlobalSection(SolutionConfigurationPlatforms) = preSolution
		Debug|Any CPU = Debug|Any CPU
		Release|Any CPU = Release|Any CPU
	EndGlobalSection
	GlobalSection(ProjectConfigurationPlatforms) = postSolution
		{B28EB735-09C9-4860-B378-E41CDE7D39F3}.Debug|Any CPU.ActiveCfg = Debug|Any CPU
		{B28EB735-09C9-4860-B378-E41CDE7D39F3}.Debug|Any CPU.Build.0 = Debug|Any CPU
		{B28EB735-09C9-4860-B378-E41CDE7D39F3}.Release|Any CPU.ActiveCfg = Release|Any CPU
		{B28EB735-09C9-4860-B378-E41CDE7D39F3}.Release|Any CPU.Build.0 = Release|Any CPU
		{4299E202-1CC8-4766-963A-71F571ED271A}.Debug|Any CPU.ActiveCfg = Debug|Any CPU
		{4299E202-1CC8-4766-963A-71F571ED271A}.Debug|Any CPU.Build.0 = Debug|Any CPU
		{4299E202-1CC8-4766-963A-71F571ED271A}.Release|Any CPU.ActiveCfg = Release|Any CPU
		{4299E202-1CC8-4766-963A-71F571ED271A}.Release|Any CPU.Build.0 = Release|Any CPU
		{2D69D724-DE0B-46A1-864B-F0F0C5ABB336}.Debug|Any CPU.ActiveCfg = Debug|Any CPU
		{2D69D724-DE0B-46A1-864B-F0F0C5ABB336}.Debug|Any CPU.Build.0 = Debug|Any CPU
		{2D69D724-DE0B-46A1-864B-F0F0C5ABB336}.Release|Any CPU.ActiveCfg = Release|Any CPU
		{2D69D724-DE0B-46A1-864B-F0F0C5ABB336}.Release|Any CPU.Build.0 = Release|Any CPU
		{9D3E87F1-D2E7-4666-A2C1-576277264E09}.Debug|Any CPU.ActiveCfg = Debug|Any CPU
		{9D3E87F1-D2E7-4666-A2C1-576277264E09}.Debug|Any CPU.Build.0 = Debug|Any CPU
		{9D3E87F1-D2E7-4666-A2C1-576277264E09}.Release|Any CPU.ActiveCfg = Release|Any CPU
		{9D3E87F1-D2E7-4666-A2C1-576277264E09}.Release|Any CPU.Build.0 = Release|Any CPU
		{9BD9A4B6-EB50-4941-A9F1-29B8C35FE656}.Debug|Any CPU.ActiveCfg = Debug|Any CPU
		{9BD9A4B6-EB50-4941-A9F1-29B8C35FE656}.Debug|Any CPU.Build.0 = Debug|Any CPU
		{9BD9A4B6-EB50-4941-A9F1-29B8C35FE656}.Release|Any CPU.ActiveCfg = Release|Any CPU
		{9BD9A4B6-EB50-4941-A9F1-29B8C35FE656}.Release|Any CPU.Build.0 = Release|Any CPU
	EndGlobalSection
	GlobalSection(SolutionProperties) = preSolution
		HideSolutionNode = FALSE
	EndGlobalSection
	GlobalSection(NestedProjects) = preSolution
		{F4D2BEDD-11D0-4F3F-A884-6108671F05E1} = {E3B8A9C9-2CAF-4110-8C00-86321DDAECC4}
		{9DC328F9-F77D-4709-9B84-D0CCF942693B} = {E3B8A9C9-2CAF-4110-8C00-86321DDAECC4}
		{DE7F301C-1F5F-40DC-A22D-DCCA91B22A7E} = {E3B8A9C9-2CAF-4110-8C00-86321DDAECC4}
		{A3BFAEC5-EE71-4339-A629-210B0A17D77F} = {E3B8A9C9-2CAF-4110-8C00-86321DDAECC4}
		{0383077E-7D09-4B8D-BF8C-3651E79075BD} = {A3BFAEC5-EE71-4339-A629-210B0A17D77F}
		{B28EB735-09C9-4860-B378-E41CDE7D39F3} = {0383077E-7D09-4B8D-BF8C-3651E79075BD}
		{CEBF5598-398F-4A67-90A3-0BC7BC557F11} = {A3BFAEC5-EE71-4339-A629-210B0A17D77F}
		{B87603BB-5705-43DB-BED1-BD725F9AEEA9} = {71E9AAA3-898E-4DD2-B541-89B841D22D95}
		{4299E202-1CC8-4766-963A-71F571ED271A} = {CEBF5598-398F-4A67-90A3-0BC7BC557F11}
		{2D69D724-DE0B-46A1-864B-F0F0C5ABB336} = {DE7F301C-1F5F-40DC-A22D-DCCA91B22A7E}
		{9D3E87F1-D2E7-4666-A2C1-576277264E09} = {9DC328F9-F77D-4709-9B84-D0CCF942693B}
		{9BD9A4B6-EB50-4941-A9F1-29B8C35FE656} = {F4D2BEDD-11D0-4F3F-A884-6108671F05E1}
	EndGlobalSection
	GlobalSection(ExtensibilityGlobals) = postSolution
		SolutionGuid = {B10ABAC0-3347-45C1-9638-E62F2A29D8A3}
	EndGlobalSection
EndGlobal
